
Microsoft Visual Studio Solution File, Format Version 12.00
# Visual Studio Version 17
VisualStudioVersion = 17.5.33502.453
MinimumVisualStudioVersion = 10.0.40219.1
Project("{FAE04EC0-301F-11D3-BF4B-00C04F79EFBC}") = "Extension methods", "Extension methods\Extension methods.csproj", "{AD53128B-5C07-4E9A-BDB7-59C29517E4DF}"
EndProject
Global
	GlobalSection(SolutionConfigurationPlatforms) = preSolution
		Debug|Any CPU = Debug|Any CPU
		Release|Any CPU = Release|Any CPU
	EndGlobalSection
	GlobalSection(ProjectConfigurationPlatforms) = postSolution
		{AD53128B-5C07-4E9A-BDB7-59C29517E4DF}.Debug|Any CPU.ActiveCfg = Debug|Any CPU
		{AD53128B-5C07-4E9A-BDB7-59C29517E4DF}.Debug|Any CPU.Build.0 = Debug|Any CPU
		{AD53128B-5C07-4E9A-BDB7-59C29517E4DF}.Release|Any CPU.ActiveCfg = Release|Any CPU
		{AD53128B-5C07-4E9A-BDB7-59C29517E4DF}.Release|Any CPU.Build.0 = Release|Any CPU
	EndGlobalSection
	GlobalSection(SolutionProperties) = preSolution
		HideSolutionNode = FALSE
	EndGlobalSection
	GlobalSection(ExtensibilityGlobals) = postSolution
		SolutionGuid = {3026B3E2-9AE1-476E-A19E-26F4A444F801}
	EndGlobalSection
EndGlobal
